
Microsoft Visual Studio Solution File, Format Version 12.00
# Visual Studio Version 16
VisualStudioVersion = 16.0.31424.327
MinimumVisualStudioVersion = 10.0.40219.1
Project("{FAE04EC0-301F-11D3-BF4B-00C04F79EFBC}") = "NubankClone.Android", "NubankClone\NubankClone.Android\NubankClone.Android.csproj", "{329E0C68-34F8-4FD2-98D6-784077F53169}"
EndProject
Project("{FAE04EC0-301F-11D3-BF4B-00C04F79EFBC}") = "NubankClone", "NubankClone\NubankClone\NubankClone.csproj", "{E7A73967-E7CD-4E3C-8F21-0113C07C6333}"
EndProject
Global
	GlobalSection(SolutionConfigurationPlatforms) = preSolution
		Debug|Any CPU = Debug|Any CPU
		Release|Any CPU = Release|Any CPU
	EndGlobalSection
	GlobalSection(ProjectConfigurationPlatforms) = postSolution
		{329E0C68-34F8-4FD2-98D6-784077F53169}.Debug|Any CPU.ActiveCfg = Debug|Any CPU
		{329E0C68-34F8-4FD2-98D6-784077F53169}.Debug|Any CPU.Build.0 = Debug|Any CPU
		{329E0C68-34F8-4FD2-98D6-784077F53169}.Debug|Any CPU.Deploy.0 = Debug|Any CPU
		{329E0C68-34F8-4FD2-98D6-784077F53169}.Release|Any CPU.ActiveCfg = Release|Any CPU
		{329E0C68-34F8-4FD2-98D6-784077F53169}.Release|Any CPU.Build.0 = Release|Any CPU
		{329E0C68-34F8-4FD2-98D6-784077F53169}.Release|Any CPU.Deploy.0 = Release|Any CPU
		{E7A73967-E7CD-4E3C-8F21-0113C07C6333}.Debug|Any CPU.ActiveCfg = Debug|Any CPU
		{E7A73967-E7CD-4E3C-8F21-0113C07C6333}.Debug|Any CPU.Build.0 = Debug|Any CPU
		{E7A73967-E7CD-4E3C-8F21-0113C07C6333}.Debug|Any CPU.Deploy.0 = Debug|Any CPU
		{E7A73967-E7CD-4E3C-8F21-0113C07C6333}.Release|Any CPU.ActiveCfg = Release|Any CPU
		{E7A73967-E7CD-4E3C-8F21-0113C07C6333}.Release|Any CPU.Build.0 = Release|Any CPU
		{E7A73967-E7CD-4E3C-8F21-0113C07C6333}.Release|Any CPU.Deploy.0 = Release|Any CPU
	EndGlobalSection
	GlobalSection(SolutionProperties) = preSolution
		HideSolutionNode = FALSE
	EndGlobalSection
	GlobalSection(ExtensibilityGlobals) = postSolution
		SolutionGuid = {8C60A0BB-147F-499E-8F95-95949C937F63}
	EndGlobalSection
EndGlobal
